<?xml version="1.0" encoding="utf-8"?>
<Project ToolsVersion="4.0" xmlns="http://schemas.microsoft.com/developer/msbuild/2003">
  <ItemGroup>
    <Filter Include="Source Files">
      <UniqueIdentifier>{4FC737F1-C7A5-4376-A066-2A32D752A2FF}</UniqueIdentifier>
      <Extensions>cpp;c;cc;cxx;def;odl;idl;hpj;bat;asm;asmx</Extensions>
    </Filter>
    <Filter Include="Header Files">
      <UniqueIdentifier>{93995380-89BD-4b04-88EB-625FBE52EBFB}</UniqueIdentifier>
      <Extensions>h;hh;hpp;hxx;hm;inl;inc;xsd</Extensions>
    </Filter>
    <Filter Include="Resource Files">
      <UniqueIdentifier>{67DA6AB6-F800-4c08-8B7A-83BB121AAD01}</UniqueIdentifier>
      <Extensions>rc;ico;cur;bmp;dlg;rc2;rct;bin;rgs;gif;jpg;jpeg;jpe;resx;tiff;tif;png;wav;mfcribbon-ms</Extensions>
    </Filter>
    <Filter Include="Notes">
      <UniqueIdentifier>{aa9230d8-370b-4a31-afe1-7949ca5166d2}</UniqueIdentifier>
    </Filter>
  </ItemGroup>
  <ItemGroup>
    <ClCompile Include="main.cpp">
      <Filter>Source Files</Filter>
    </ClCompile>
    <ClCompile Include="Game.cpp">
      <Filter>Source Files</Filter>
    </ClCompile>
    <ClCompile Include="Graphics.cpp">
      <Filter>Source Files</Filter>
    </ClCompile>
    <ClCompile Include="Sprite.cpp">
      <Filter>Source Files</Filter>
    </ClCompile>
    <ClCompile Include="AnimatedSprite.cpp">
      <Filter>Source Files</Filter>
    </ClCompile>
    <ClCompile Include="Input.cpp">
      <Filter>Source Files</Filter>
    </ClCompile>
    <ClCompile Include="Player.cpp">
      <Filter>Source Files</Filter>
    </ClCompile>
    <ClCompile Include="Map.cpp">
      <Filter>Source Files</Filter>
    </ClCompile>
    <ClCompile Include="Backdrop.cpp">
      <Filter>Source Files</Filter>
    </ClCompile>
    <ClCompile Include="tinyxml2.cpp">
      <Filter>Source Files</Filter>
    </ClCompile>
  </ItemGroup>
  <ItemGroup>
    <ClInclude Include="Game.h">
      <Filter>Header Files</Filter>
    </ClInclude>
    <ClInclude Include="Graphics.h">
      <Filter>Header Files</Filter>
    </ClInclude>
    <ClInclude Include="Sprite.h">
      <Filter>Header Files</Filter>
    </ClInclude>
    <ClInclude Include="AnimatedSprite.h">
      <Filter>Header Files</Filter>
    </ClInclude>
    <ClInclude Include="Input.h">
      <Filter>Header Files</Filter>
    </ClInclude>
    <ClInclude Include="Player.h">
      <Filter>Header Files</Filter>
    </ClInclude>
    <ClInclude Include="Map.h">
      <Filter>Header Files</Filter>
    </ClInclude>
    <ClInclude Include="Rectangle.h">
      <Filter>Header Files</Filter>
    </ClInclude>
    <ClInclude Include="Backdrop.h">
      <Filter>Header Files</Filter>
    </ClInclude>
    <ClInclude Include="Units.h">
      <Filter>Header Files</Filter>
    </ClInclude>
    <ClInclude Include="tinyxml2.h">
      <Filter>Header Files</Filter>
    </ClInclude>
  </ItemGroup>
  <ItemGroup>
    <Image Include="bkBlue.bmp">
      <Filter>Resource Files</Filter>
    </Image>
    <Image Include="MyChar.bmp">
      <Filter>Resource Files</Filter>
    </Image>
    <Image Include="PrtCave.bmp">
      <Filter>Resource Files</Filter>
    </Image>
  </ItemGroup>
  <ItemGroup>
    <Text Include="Notes\001-event_loop.txt">
      <Filter>Notes</Filter>
    </Text>
    <Text Include="Notes\002-event_loop_test.txt">
      <Filter>Notes</Filter>
    </Text>
    <Text Include="Notes\003-static_sprite.txt">
      <Filter>Notes</Filter>
    </Text>
    <Text Include="Notes\004-animated_sprite.txt">
      <Filter>Notes</Filter>
    </Text>
    <Text Include="Notes\005-keyboard-input.txt">
      <Filter>Notes</Filter>
    </Text>
    <Text Include="Notes\005-player-movement.txt">
      <Filter>Notes</Filter>
    </Text>
    <Text Include="Notes\006-player-movement.txt">
      <Filter>Notes</Filter>
    </Text>
    <Text Include="Notes\007-spritesheet-cache.txt">
      <Filter>Notes</Filter>
    </Text>
    <Text Include="Notes\008-multiple-sprites.txt">
      <Filter>Notes</Filter>
    </Text>
    <Text Include="Notes\009-jump-vertical-motion.txt">
      <Filter>Notes</Filter>
    </Text>
    <Text Include="Notes\010-facing-and-new-sprites.txt">
      <Filter>Notes</Filter>
    </Text>
    <Text Include="Notes\011-test-map.txt">
      <Filter>Notes</Filter>
    </Text>
    <Text Include="Notes\013-tile-collision-impl.txt">
      <Filter>Notes</Filter>
    </Text>
    <Text Include="Notes\015-background.txt">
      <Filter>Notes</Filter>
    </Text>
    <Text Include="Notes\016-background-tiles.txt">
      <Filter>Notes</Filter>
    </Text>
    <Text Include="Notes\017-multiple-resolutions.txt">
      <Filter>Notes</Filter>
    </Text>
    <Text Include="Notes\018-high-precision-position.txt">
      <Filter>Notes</Filter>
    </Text>
    <Text Include="Notes\018-units.txt">
      <Filter>Notes</Filter>
    </Text>
    <Text Include="Notes\19-limit-frame-time.txt">
      <Filter>Notes</Filter>
    </Text>
    <Text Include="Notes\20-first-cave-bat.txt">
      <Filter>Notes</Filter>
    </Text>
    <Text Include="Notes\21-player-enemy-collisions.txt">
      <Filter>Notes</Filter>
    </Text>
    <Text Include="Notes\22-player-enemy-collisions.txt">
      <Filter>Notes</Filter>
    </Text>
    <Text Include="Notes\23-rough-health-hud.txt">
      <Filter>Notes</Filter>
    </Text>
    <Text Include="Notes\24-number-sprite.txt">
      <Filter>Notes</Filter>
    </Text>
    <Text Include="Notes\25-player-health.txt">
      <Filter>Notes</Filter>
    </Text>
    <Text Include="Notes\26-expanding-number-sprite.txt">
      <Filter>Notes</Filter>
    </Text>
    <Text Include="Notes\27-timers.txt">
      <Filter>Notes</Filter>
    </Text>
    <Text Include="Notes\28-damage-text.txt">
      <Filter>Notes</Filter>
    </Text>
    <Text Include="Notes\29-draw-polar-star.txt">
      <Filter>Notes</Filter>
    </Text>
    <Text Include="Notes\30-refactor-sprite-states.txt">
      <Filter>Notes</Filter>
    </Text>
    <Text Include="Notes\31-gun-bob.txt">
      <Filter>Notes</Filter>
    </Text>
    <Text Include="Notes\32-actual-vertical-facing.txt">
      <Filter>Notes</Filter>
    </Text>
    <Text Include="Notes\33-image-path.txt">
      <Filter>Notes</Filter>
    </Text>
    <Text Include="Notes\34-place-bullet.txt">
      <Filter>Notes</Filter>
    </Text>
    <Text Include="Notes\35-fire-projectile.txt">
      <Filter>Notes</Filter>
    </Text>
    <Text Include="Notes\36-projectile-life-spans.txt">
      <Filter>Notes</Filter>
    </Text>
    <Text Include="Notes\37-ps-projectile-wall-collisions.txt">
      <Filter>Notes</Filter>
    </Text>
    <Text Include="Notes\38-projectile-bat-collisions.txt">
      <Filter>Notes</Filter>
    </Text>
    <Text Include="Notes\39-damage-text-revisited.txt">
      <Filter>Notes</Filter>
    </Text>
    <Text Include="Notes\40-damage-text-lifetimes.txt">
      <Filter>Notes</Filter>
    </Text>
    <Text Include="Notes\41-revisit-quote-collision.txt">
      <Filter>Notes</Filter>
    </Text>
    <Text Include="Notes\42-head-bump-particle.txt">
      <Filter>Notes</Filter>
    </Text>
    <Text Include="Notes\43-particle-system.txt">
      <Filter>Notes</Filter>
    </Text>
    <Text Include="Notes\44-projectile-star-particle.txt">
      <Filter>Notes</Filter>
    </Text>
    <Text Include="Notes\45-projectile-wall-particle.txt">
      <Filter>Notes</Filter>
    </Text>
    <Text Include="Notes\46-placing-projectile-wall-particle.txt">
      <Filter>Notes</Filter>
    </Text>
    <Text Include="Notes\47-death-cloud-particle.txt">
      <Filter>Notes</Filter>
    </Text>
    <Text Include="Notes\48-particle-draw-order.txt">
      <Filter>Notes</Filter>
    </Text>
    <Text Include="Notes\49-gun-experience-hud.txt">
      <Filter>Notes</Filter>
    </Text>
    <Text Include="Notes\50-finish-gun-experience-hud.txt">
      <Filter>Notes</Filter>
    </Text>
    <Text Include="Notes\51-gun-levels.txt">
      <Filter>Notes</Filter>
    </Text>
    <Text Include="Notes\52-abstracting-map-collisions.txt">
      <Filter>Notes</Filter>
    </Text>
    <Text Include="Notes\53-accelerators.txt">
      <Filter>Notes</Filter>
    </Text>
    <Text Include="Notes\54-pickups.txt">
      <Filter>Notes</Filter>
    </Text>
    <Text Include="Notes\55-simple-collision-rectangle.txt">
      <Filter>Notes</Filter>
    </Text>
    <Text Include="Notes\56-power-doritos.txt">
      <Filter>Notes</Filter>
    </Text>
    <Text Include="Notes\57-collect-experience.txt">
      <Filter>Notes</Filter>
    </Text>
    <Text Include="Notes\58-heart-pickup.txt">
      <Filter>Notes</Filter>
    </Text>
    <Text Include="Notes\59-collecting-health.txt">
      <Filter>Notes</Filter>
    </Text>
    <Text Include="Notes\60-experience_text.txt">
      <Filter>Notes</Filter>
    </Text>
    <Text Include="Notes\62-collision-tile.txt">
      <Filter>Notes</Filter>
    </Text>
    <Text Include="Notes\63-cleanup-map-collidable.txt">
      <Filter>Notes</Filter>
    </Text>
    <Text Include="Notes\64-slope-playground.txt">
      <Filter>Notes</Filter>
    </Text>
    <Text Include="Notes\65-collision-order.txt">
      <Filter>Notes</Filter>
    </Text>
    <Text Include="Notes\66-slopes.txt">
      <Filter>Notes</Filter>
    </Text>
    <Text Include="Notes\067-sticky-collisions.txt">
      <Filter>Notes</Filter>
    </Text>
    <Text Include="Notes\068-2d-data-structures.txt">
      <Filter>Notes</Filter>
    </Text>
    <Text Include="Notes\069-debugging-bounce-collisions.txt">
      <Filter>Notes</Filter>
    </Text>
    <Text Include="Notes\070-fix-bounce-collisions.txt">
      <Filter>Notes</Filter>
    </Text>
    <Text Include="Notes\071-sdl2.txt">
      <Filter>Notes</Filter>
    </Text>
    <Text Include="Notes\PLEASE READ.txt">
      <Filter>Notes</Filter>
    </Text>
  </ItemGroup>
</Project>